
Microsoft Visual Studio Solution File, Format Version 12.00
# Visual Studio Version 17
VisualStudioVersion = 17.8.34525.116
MinimumVisualStudioVersion = 10.0.40219.1
Project("{8BC9CEB8-8B4A-11D0-8D11-00A0C91BC942}") = "Random Referee Selector", "Random Referee Selector.vcxproj", "{DB8D1FB1-EAA7-41AD-B32A-6BF21E4D6A6E}"
EndProject
Global
	GlobalSection(SolutionConfigurationPlatforms) = preSolution
		Debug|x64 = Debug|x64
		Debug|x86 = Debug|x86
		Release|x64 = Release|x64
		Release|x86 = Release|x86
	EndGlobalSection
	GlobalSection(ProjectConfigurationPlatforms) = postSolution
		{DB8D1FB1-EAA7-41AD-B32A-6BF21E4D6A6E}.Debug|x64.ActiveCfg = Debug|x64
		{DB8D1FB1-EAA7-41AD-B32A-6BF21E4D6A6E}.Debug|x64.Build.0 = Debug|x64
		{DB8D1FB1-EAA7-41AD-B32A-6BF21E4D6A6E}.Debug|x86.ActiveCfg = Debug|Win32
		{DB8D1FB1-EAA7-41AD-B32A-6BF21E4D6A6E}.Debug|x86.Build.0 = Debug|Win32
		{DB8D1FB1-EAA7-41AD-B32A-6BF21E4D6A6E}.Release|x64.ActiveCfg = Release|x64
		{DB8D1FB1-EAA7-41AD-B32A-6BF21E4D6A6E}.Release|x64.Build.0 = Release|x64
		{DB8D1FB1-EAA7-41AD-B32A-6BF21E4D6A6E}.Release|x86.ActiveCfg = Release|Win32
		{DB8D1FB1-EAA7-41AD-B32A-6BF21E4D6A6E}.Release|x86.Build.0 = Release|Win32
	EndGlobalSection
	GlobalSection(SolutionProperties) = preSolution
		HideSolutionNode = FALSE
	EndGlobalSection
	GlobalSection(ExtensibilityGlobals) = postSolution
		SolutionGuid = {5197F3F5-5B00-4AD2-8E5C-6D89D19F2E5F}
	EndGlobalSection
EndGlobal
